
Microsoft Visual Studio Solution File, Format Version 12.00
# Visual Studio 15
VisualStudioVersion = 15.0.26430.14
MinimumVisualStudioVersion = 10.0.40219.1
Project("{FAE04EC0-301F-11D3-BF4B-00C04F79EFBC}") = "Alik_plugin_create_move_entity", "Alik_plugin_create_move_entity\Alik_plugin_create_move_entity.csproj", "{DAE21116-3485-4AF1-9CCF-10E765CE6948}"
EndProject
Global
	GlobalSection(SolutionConfigurationPlatforms) = preSolution
		Debug|Any CPU = Debug|Any CPU
		Release|Any CPU = Release|Any CPU
	EndGlobalSection
	GlobalSection(ProjectConfigurationPlatforms) = postSolution
		{DAE21116-3485-4AF1-9CCF-10E765CE6948}.Debug|Any CPU.ActiveCfg = Debug|Any CPU
		{DAE21116-3485-4AF1-9CCF-10E765CE6948}.Debug|Any CPU.Build.0 = Debug|Any CPU
		{DAE21116-3485-4AF1-9CCF-10E765CE6948}.Release|Any CPU.ActiveCfg = Release|Any CPU
		{DAE21116-3485-4AF1-9CCF-10E765CE6948}.Release|Any CPU.Build.0 = Release|Any CPU
	EndGlobalSection
	GlobalSection(SolutionProperties) = preSolution
		HideSolutionNode = FALSE
	EndGlobalSection
EndGlobal
